Microsoft Visual Studio Solution File, Format Version 12.00
# Visual Studio Version 17
VisualStudioVersion = 17.0.31903.59
MinimumVisualStudioVersion = 10.0.40219.1
Project("{FAE04EC0-301F-11D3-BF4B-00C04F79EFBC}") = "API", "API\API.csproj", "{559A244A-C90D-4357-A365-6227E5B81361}"
EndProject
Project("{FAE04EC0-301F-11D3-BF4B-00C04F79EFBC}") = "Core", "Core\Core.csproj", "{17A83AE8-6225-4030-8845-05EB4D7607BC}"
EndProject
Project("{FAE04EC0-301F-11D3-BF4B-00C04F79EFBC}") = "Infrastructure", "Infrastructure\Infrastructure.csproj", "{E2B8E423-6197-488D-B7A3-1773BE1DDF34}"
EndProject
Global
	GlobalSection(SolutionConfigurationPlatforms) = preSolution
		Debug|Any CPU = Debug|Any CPU
		Release|Any CPU = Release|Any CPU
	EndGlobalSection
	GlobalSection(SolutionProperties) = preSolution
		HideSolutionNode = FALSE
	EndGlobalSection
	GlobalSection(ProjectConfigurationPlatforms) = postSolution
		{559A244A-C90D-4357-A365-6227E5B81361}.Debug|Any CPU.ActiveCfg = Debug|Any CPU
		{559A244A-C90D-4357-A365-6227E5B81361}.Debug|Any CPU.Build.0 = Debug|Any CPU
		{559A244A-C90D-4357-A365-6227E5B81361}.Release|Any CPU.ActiveCfg = Release|Any CPU
		{559A244A-C90D-4357-A365-6227E5B81361}.Release|Any CPU.Build.0 = Release|Any CPU
		{17A83AE8-6225-4030-8845-05EB4D7607BC}.Debug|Any CPU.ActiveCfg = Debug|Any CPU
		{17A83AE8-6225-4030-8845-05EB4D7607BC}.Debug|Any CPU.Build.0 = Debug|Any CPU
		{17A83AE8-6225-4030-8845-05EB4D7607BC}.Release|Any CPU.ActiveCfg = Release|Any CPU
		{17A83AE8-6225-4030-8845-05EB4D7607BC}.Release|Any CPU.Build.0 = Release|Any CPU
		{E2B8E423-6197-488D-B7A3-1773BE1DDF34}.Debug|Any CPU.ActiveCfg = Debug|Any CPU
		{E2B8E423-6197-488D-B7A3-1773BE1DDF34}.Debug|Any CPU.Build.0 = Debug|Any CPU
		{E2B8E423-6197-488D-B7A3-1773BE1DDF34}.Release|Any CPU.ActiveCfg = Release|Any CPU
		{E2B8E423-6197-488D-B7A3-1773BE1DDF34}.Release|Any CPU.Build.0 = Release|Any CPU
	EndGlobalSection
EndGlobal
